
Microsoft Visual Studio Solution File, Format Version 12.00
# Visual Studio 15
VisualStudioVersion = 15.0.28307.168
MinimumVisualStudioVersion = 10.0.40219.1
Project("{FAE04EC0-301F-11D3-BF4B-00C04F79EFBC}") = "01_HelloWorld", "01_HelloWorld\01_HelloWorld.csproj", "{3FCC68D9-A641-4975-8B51-4DFCF1A0E90E}"
EndProject
Project("{FAE04EC0-301F-11D3-BF4B-00C04F79EFBC}") = "DotNetFundamentals_InATestProject", "DotNetFundamentals_InATestProject\DotNetFundamentals_InATestProject.csproj", "{A32C449F-25AD-4F7A-AB2B-57AD34DA8237}"
EndProject
Global
	GlobalSection(SolutionConfigurationPlatforms) = preSolution
		Debug|Any CPU = Debug|Any CPU
		Release|Any CPU = Release|Any CPU
	EndGlobalSection
	GlobalSection(ProjectConfigurationPlatforms) = postSolution
		{3FCC68D9-A641-4975-8B51-4DFCF1A0E90E}.Debug|Any CPU.ActiveCfg = Debug|Any CPU
		{3FCC68D9-A641-4975-8B51-4DFCF1A0E90E}.Debug|Any CPU.Build.0 = Debug|Any CPU
		{3FCC68D9-A641-4975-8B51-4DFCF1A0E90E}.Release|Any CPU.ActiveCfg = Release|Any CPU
		{3FCC68D9-A641-4975-8B51-4DFCF1A0E90E}.Release|Any CPU.Build.0 = Release|Any CPU
		{A32C449F-25AD-4F7A-AB2B-57AD34DA8237}.Debug|Any CPU.ActiveCfg = Debug|Any CPU
		{A32C449F-25AD-4F7A-AB2B-57AD34DA8237}.Debug|Any CPU.Build.0 = Debug|Any CPU
		{A32C449F-25AD-4F7A-AB2B-57AD34DA8237}.Release|Any CPU.ActiveCfg = Release|Any CPU
		{A32C449F-25AD-4F7A-AB2B-57AD34DA8237}.Release|Any CPU.Build.0 = Release|Any CPU
	EndGlobalSection
	GlobalSection(SolutionProperties) = preSolution
		HideSolutionNode = FALSE
	EndGlobalSection
	GlobalSection(ExtensibilityGlobals) = postSolution
		SolutionGuid = {000B8B6E-539B-4C96-8975-2D97D43F8478}
	EndGlobalSection
EndGlobal
